
Microsoft Visual Studio Solution File, Format Version 12.00
# Visual Studio 14
VisualStudioVersion = 14.0.25420.1
MinimumVisualStudioVersion = 10.0.40219.1
Project("{FAE04EC0-301F-11D3-BF4B-00C04F79EFBC}") = "JoinTest", "JoinTest\JoinTest.csproj", "{D8EE705D-3990-46C9-9E7C-1A2F3BFBA97F}"
EndProject
Global
	GlobalSection(SolutionConfigurationPlatforms) = preSolution
		Debug|Any CPU = Debug|Any CPU
		Release|Any CPU = Release|Any CPU
	EndGlobalSection
	GlobalSection(ProjectConfigurationPlatforms) = postSolution
		{D8EE705D-3990-46C9-9E7C-1A2F3BFBA97F}.Debug|Any CPU.ActiveCfg = Debug|Any CPU
		{D8EE705D-3990-46C9-9E7C-1A2F3BFBA97F}.Debug|Any CPU.Build.0 = Debug|Any CPU
		{D8EE705D-3990-46C9-9E7C-1A2F3BFBA97F}.Release|Any CPU.ActiveCfg = Release|Any CPU
		{D8EE705D-3990-46C9-9E7C-1A2F3BFBA97F}.Release|Any CPU.Build.0 = Release|Any CPU
	EndGlobalSection
	GlobalSection(SolutionProperties) = preSolution
		HideSolutionNode = FALSE
	EndGlobalSection
EndGlobal
